
Microsoft Visual Studio Solution File, Format Version 12.00
# Visual Studio Version 16
VisualStudioVersion = 16.0.31624.102
MinimumVisualStudioVersion = 10.0.40219.1
Project("{FAE04EC0-301F-11D3-BF4B-00C04F79EFBC}") = "MillingApp.Android", "MillingApp\MillingApp.Android\MillingApp.Android.csproj", "{3A8DC3EA-9DA4-40DA-A1ED-F3533A633AE3}"
EndProject
Project("{FAE04EC0-301F-11D3-BF4B-00C04F79EFBC}") = "MillingApp.iOS", "MillingApp\MillingApp.iOS\MillingApp.iOS.csproj", "{AA044213-7752-4802-94C4-6949730A3513}"
EndProject
Project("{9A19103F-16F7-4668-BE54-9A1E7A4F7556}") = "MillingApp", "MillingApp\MillingApp\MillingApp.csproj", "{479D65F5-68AB-413F-89E2-BA9F0BE25C9F}"
EndProject
Project("{2150E333-8FDC-42A3-9474-1A3956D46DE8}") = "Solution Items", "Solution Items", "{331CA708-CCBC-459A-992C-852D5DB0F353}"
EndProject
Global
	GlobalSection(SolutionConfigurationPlatforms) = preSolution
		Debug|Any CPU = Debug|Any CPU
		Debug|iPhone = Debug|iPhone
		Debug|iPhoneSimulator = Debug|iPhoneSimulator
		Release|Any CPU = Release|Any CPU
		Release|iPhone = Release|iPhone
		Release|iPhoneSimulator = Release|iPhoneSimulator
	EndGlobalSection
	GlobalSection(ProjectConfigurationPlatforms) = postSolution
		{3A8DC3EA-9DA4-40DA-A1ED-F3533A633AE3}.Debug|Any CPU.ActiveCfg = Debug|Any CPU
		{3A8DC3EA-9DA4-40DA-A1ED-F3533A633AE3}.Debug|Any CPU.Build.0 = Debug|Any CPU
		{3A8DC3EA-9DA4-40DA-A1ED-F3533A633AE3}.Debug|Any CPU.Deploy.0 = Debug|Any CPU
		{3A8DC3EA-9DA4-40DA-A1ED-F3533A633AE3}.Debug|iPhone.ActiveCfg = Debug|Any CPU
		{3A8DC3EA-9DA4-40DA-A1ED-F3533A633AE3}.Debug|iPhone.Build.0 = Debug|Any CPU
		{3A8DC3EA-9DA4-40DA-A1ED-F3533A633AE3}.Debug|iPhone.Deploy.0 = Debug|Any CPU
		{3A8DC3EA-9DA4-40DA-A1ED-F3533A633AE3}.Debug|iPhoneSimulator.ActiveCfg = Debug|Any CPU
		{3A8DC3EA-9DA4-40DA-A1ED-F3533A633AE3}.Debug|iPhoneSimulator.Build.0 = Debug|Any CPU
		{3A8DC3EA-9DA4-40DA-A1ED-F3533A633AE3}.Debug|iPhoneSimulator.Deploy.0 = Debug|Any CPU
		{3A8DC3EA-9DA4-40DA-A1ED-F3533A633AE3}.Release|Any CPU.ActiveCfg = Release|Any CPU
		{3A8DC3EA-9DA4-40DA-A1ED-F3533A633AE3}.Release|Any CPU.Build.0 = Release|Any CPU
		{3A8DC3EA-9DA4-40DA-A1ED-F3533A633AE3}.Release|Any CPU.Deploy.0 = Release|Any CPU
		{3A8DC3EA-9DA4-40DA-A1ED-F3533A633AE3}.Release|iPhone.ActiveCfg = Release|Any CPU
		{3A8DC3EA-9DA4-40DA-A1ED-F3533A633AE3}.Release|iPhone.Build.0 = Release|Any CPU
		{3A8DC3EA-9DA4-40DA-A1ED-F3533A633AE3}.Release|iPhone.Deploy.0 = Release|Any CPU
		{3A8DC3EA-9DA4-40DA-A1ED-F3533A633AE3}.Release|iPhoneSimulator.ActiveCfg = Release|Any CPU
		{3A8DC3EA-9DA4-40DA-A1ED-F3533A633AE3}.Release|iPhoneSimulator.Build.0 = Release|Any CPU
		{3A8DC3EA-9DA4-40DA-A1ED-F3533A633AE3}.Release|iPhoneSimulator.Deploy.0 = Release|Any CPU
		{AA044213-7752-4802-94C4-6949730A3513}.Debug|Any CPU.ActiveCfg = Debug|iPhone
		{AA044213-7752-4802-94C4-6949730A3513}.Debug|Any CPU.Build.0 = Debug|iPhone
		{AA044213-7752-4802-94C4-6949730A3513}.Debug|Any CPU.Deploy.0 = Debug|iPhone
		{AA044213-7752-4802-94C4-6949730A3513}.Debug|iPhone.ActiveCfg = Debug|iPhone
		{AA044213-7752-4802-94C4-6949730A3513}.Debug|iPhone.Build.0 = Debug|iPhone
		{AA044213-7752-4802-94C4-6949730A3513}.Debug|iPhone.Deploy.0 = Debug|iPhone
		{AA044213-7752-4802-94C4-6949730A3513}.Debug|iPhoneSimulator.ActiveCfg = Debug|iPhoneSimulator
		{AA044213-7752-4802-94C4-6949730A3513}.Debug|iPhoneSimulator.Build.0 = Debug|iPhoneSimulator
		{AA044213-7752-4802-94C4-6949730A3513}.Debug|iPhoneSimulator.Deploy.0 = Debug|iPhoneSimulator
		{AA044213-7752-4802-94C4-6949730A3513}.Release|Any CPU.ActiveCfg = Release|iPhoneSimulator
		{AA044213-7752-4802-94C4-6949730A3513}.Release|Any CPU.Build.0 = Release|iPhoneSimulator
		{AA044213-7752-4802-94C4-6949730A3513}.Release|Any CPU.Deploy.0 = Release|iPhoneSimulator
		{AA044213-7752-4802-94C4-6949730A3513}.Release|iPhone.ActiveCfg = Release|iPhone
		{AA044213-7752-4802-94C4-6949730A3513}.Release|iPhone.Build.0 = Release|iPhone
		{AA044213-7752-4802-94C4-6949730A3513}.Release|iPhone.Deploy.0 = Release|iPhone
		{AA044213-7752-4802-94C4-6949730A3513}.Release|iPhoneSimulator.ActiveCfg = Release|iPhoneSimulator
		{AA044213-7752-4802-94C4-6949730A3513}.Release|iPhoneSimulator.Build.0 = Release|iPhoneSimulator
		{AA044213-7752-4802-94C4-6949730A3513}.Release|iPhoneSimulator.Deploy.0 = Release|iPhoneSimulator
		{479D65F5-68AB-413F-89E2-BA9F0BE25C9F}.Debug|Any CPU.ActiveCfg = Debug|Any CPU
		{479D65F5-68AB-413F-89E2-BA9F0BE25C9F}.Debug|Any CPU.Build.0 = Debug|Any CPU
		{479D65F5-68AB-413F-89E2-BA9F0BE25C9F}.Debug|Any CPU.Deploy.0 = Debug|Any CPU
		{479D65F5-68AB-413F-89E2-BA9F0BE25C9F}.Debug|iPhone.ActiveCfg = Debug|Any CPU
		{479D65F5-68AB-413F-89E2-BA9F0BE25C9F}.Debug|iPhone.Build.0 = Debug|Any CPU
		{479D65F5-68AB-413F-89E2-BA9F0BE25C9F}.Debug|iPhone.Deploy.0 = Debug|Any CPU
		{479D65F5-68AB-413F-89E2-BA9F0BE25C9F}.Debug|iPhoneSimulator.ActiveCfg = Debug|Any CPU
		{479D65F5-68AB-413F-89E2-BA9F0BE25C9F}.Debug|iPhoneSimulator.Build.0 = Debug|Any CPU
		{479D65F5-68AB-413F-89E2-BA9F0BE25C9F}.Debug|iPhoneSimulator.Deploy.0 = Debug|Any CPU
		{479D65F5-68AB-413F-89E2-BA9F0BE25C9F}.Release|Any CPU.ActiveCfg = Release|Any CPU
		{479D65F5-68AB-413F-89E2-BA9F0BE25C9F}.Release|Any CPU.Build.0 = Release|Any CPU
		{479D65F5-68AB-413F-89E2-BA9F0BE25C9F}.Release|Any CPU.Deploy.0 = Release|Any CPU
		{479D65F5-68AB-413F-89E2-BA9F0BE25C9F}.Release|iPhone.ActiveCfg = Release|Any CPU
		{479D65F5-68AB-413F-89E2-BA9F0BE25C9F}.Release|iPhone.Build.0 = Release|Any CPU
		{479D65F5-68AB-413F-89E2-BA9F0BE25C9F}.Release|iPhone.Deploy.0 = Release|Any CPU
		{479D65F5-68AB-413F-89E2-BA9F0BE25C9F}.Release|iPhoneSimulator.ActiveCfg = Release|Any CPU
		{479D65F5-68AB-413F-89E2-BA9F0BE25C9F}.Release|iPhoneSimulator.Build.0 = Release|Any CPU
		{479D65F5-68AB-413F-89E2-BA9F0BE25C9F}.Release|iPhoneSimulator.Deploy.0 = Release|Any CPU
	EndGlobalSection
	GlobalSection(SolutionProperties) = preSolution
		HideSolutionNode = FALSE
	EndGlobalSection
	GlobalSection(ExtensibilityGlobals) = postSolution
		SolutionGuid = {389528F9-8D18-4969-8E51-580C9A6906B7}
	EndGlobalSection
EndGlobal
